
Microsoft Visual Studio Solution File, Format Version 12.00
# Visual Studio 15
VisualStudioVersion = 15.0.28307.1738
MinimumVisualStudioVersion = 10.0.40219.1
Project("{8BC9CEB8-8B4A-11D0-8D11-00A0C91BC942}") = "PINT_PhysX510", "..\PINT_PhysX5_1_0\vs2017\PINT_PhysX510.vcxproj", "{69BC5020-B5F4-4640-AAB7-3FD949479E3D}"
EndProject
Project("{8BC9CEB8-8B4A-11D0-8D11-00A0C91BC942}") = "PINT_PhysX542GitHub", "..\PINT_PhysX5_4_2_GitHub\vs2017\PINT_PhysX542GitHub.vcxproj", "{3ACC830F-5972-4ABC-AE10-518FEC9DDE77}"
EndProject
Project("{8BC9CEB8-8B4A-11D0-8D11-00A0C91BC942}") = "PINT_PhysX550GitHub", "..\PINT_PhysX5_5_0_GitHub\vs2017\PINT_PhysX550GitHub.vcxproj", "{BE28A126-2C23-49AD-8CB6-9F06F86ACBBF}"
EndProject
Project("{8BC9CEB8-8B4A-11D0-8D11-00A0C91BC942}") = "PINT_PhysX560GitHub", "..\PINT_PhysX5_6_0_GitHub\vs2017\PINT_PhysX560GitHub.vcxproj", "{E5EBBA41-B843-437B-BE7E-805CA672D883}"
EndProject
Global
	GlobalSection(SolutionConfigurationPlatforms) = preSolution
		Debug|x64 = Debug|x64
		Debug|x86 = Debug|x86
		Profile|x64 = Profile|x64
		Profile|x86 = Profile|x86
		Release|x64 = Release|x64
		Release|x86 = Release|x86
	EndGlobalSection
	GlobalSection(ProjectConfigurationPlatforms) = postSolution
		{69BC5020-B5F4-4640-AAB7-3FD949479E3D}.Debug|x64.ActiveCfg = Debug|x64
		{69BC5020-B5F4-4640-AAB7-3FD949479E3D}.Debug|x64.Build.0 = Debug|x64
		{69BC5020-B5F4-4640-AAB7-3FD949479E3D}.Debug|x86.ActiveCfg = Debug|Win32
		{69BC5020-B5F4-4640-AAB7-3FD949479E3D}.Debug|x86.Build.0 = Debug|Win32
		{69BC5020-B5F4-4640-AAB7-3FD949479E3D}.Profile|x64.ActiveCfg = Profile|x64
		{69BC5020-B5F4-4640-AAB7-3FD949479E3D}.Profile|x64.Build.0 = Profile|x64
		{69BC5020-B5F4-4640-AAB7-3FD949479E3D}.Profile|x86.ActiveCfg = Profile|Win32
		{69BC5020-B5F4-4640-AAB7-3FD949479E3D}.Profile|x86.Build.0 = Profile|Win32
		{69BC5020-B5F4-4640-AAB7-3FD949479E3D}.Release|x64.ActiveCfg = Release|x64
		{69BC5020-B5F4-4640-AAB7-3FD949479E3D}.Release|x64.Build.0 = Release|x64
		{69BC5020-B5F4-4640-AAB7-3FD949479E3D}.Release|x86.ActiveCfg = Release|Win32
		{69BC5020-B5F4-4640-AAB7-3FD949479E3D}.Release|x86.Build.0 = Release|Win32
		{3ACC830F-5972-4ABC-AE10-518FEC9DDE77}.Debug|x64.ActiveCfg = Debug|x64
		{3ACC830F-5972-4ABC-AE10-518FEC9DDE77}.Debug|x64.Build.0 = Debug|x64
		{3ACC830F-5972-4ABC-AE10-518FEC9DDE77}.Debug|x86.ActiveCfg = Debug|Win32
		{3ACC830F-5972-4ABC-AE10-518FEC9DDE77}.Debug|x86.Build.0 = Debug|Win32
		{3ACC830F-5972-4ABC-AE10-518FEC9DDE77}.Profile|x64.ActiveCfg = Profile|x64
		{3ACC830F-5972-4ABC-AE10-518FEC9DDE77}.Profile|x64.Build.0 = Profile|x64
		{3ACC830F-5972-4ABC-AE10-518FEC9DDE77}.Profile|x86.ActiveCfg = Profile|Win32
		{3ACC830F-5972-4ABC-AE10-518FEC9DDE77}.Profile|x86.Build.0 = Profile|Win32
		{3ACC830F-5972-4ABC-AE10-518FEC9DDE77}.Release|x64.ActiveCfg = Release|x64
		{3ACC830F-5972-4ABC-AE10-518FEC9DDE77}.Release|x64.Build.0 = Release|x64
		{3ACC830F-5972-4ABC-AE10-518FEC9DDE77}.Release|x86.ActiveCfg = Release|Win32
		{3ACC830F-5972-4ABC-AE10-518FEC9DDE77}.Release|x86.Build.0 = Release|Win32
		{BE28A126-2C23-49AD-8CB6-9F06F86ACBBF}.Debug|x64.ActiveCfg = Debug|x64
		{BE28A126-2C23-49AD-8CB6-9F06F86ACBBF}.Debug|x64.Build.0 = Debug|x64
		{BE28A126-2C23-49AD-8CB6-9F06F86ACBBF}.Debug|x86.ActiveCfg = Debug|Win32
		{BE28A126-2C23-49AD-8CB6-9F06F86ACBBF}.Debug|x86.Build.0 = Debug|Win32
		{BE28A126-2C23-49AD-8CB6-9F06F86ACBBF}.Profile|x64.ActiveCfg = Profile|x64
		{BE28A126-2C23-49AD-8CB6-9F06F86ACBBF}.Profile|x64.Build.0 = Profile|x64
		{BE28A126-2C23-49AD-8CB6-9F06F86ACBBF}.Profile|x86.ActiveCfg = Profile|Win32
		{BE28A126-2C23-49AD-8CB6-9F06F86ACBBF}.Profile|x86.Build.0 = Profile|Win32
		{BE28A126-2C23-49AD-8CB6-9F06F86ACBBF}.Release|x64.ActiveCfg = Release|x64
		{BE28A126-2C23-49AD-8CB6-9F06F86ACBBF}.Release|x64.Build.0 = Release|x64
		{BE28A126-2C23-49AD-8CB6-9F06F86ACBBF}.Release|x86.ActiveCfg = Release|Win32
		{BE28A126-2C23-49AD-8CB6-9F06F86ACBBF}.Release|x86.Build.0 = Release|Win32
		{E5EBBA41-B843-437B-BE7E-805CA672D883}.Debug|x64.ActiveCfg = Debug|x64
		{E5EBBA41-B843-437B-BE7E-805CA672D883}.Debug|x64.Build.0 = Debug|x64
		{E5EBBA41-B843-437B-BE7E-805CA672D883}.Debug|x86.ActiveCfg = Debug|Win32
		{E5EBBA41-B843-437B-BE7E-805CA672D883}.Debug|x86.Build.0 = Debug|Win32
		{E5EBBA41-B843-437B-BE7E-805CA672D883}.Profile|x64.ActiveCfg = Profile|x64
		{E5EBBA41-B843-437B-BE7E-805CA672D883}.Profile|x64.Build.0 = Profile|x64
		{E5EBBA41-B843-437B-BE7E-805CA672D883}.Profile|x86.ActiveCfg = Profile|Win32
		{E5EBBA41-B843-437B-BE7E-805CA672D883}.Profile|x86.Build.0 = Profile|Win32
		{E5EBBA41-B843-437B-BE7E-805CA672D883}.Release|x64.ActiveCfg = Release|x64
		{E5EBBA41-B843-437B-BE7E-805CA672D883}.Release|x64.Build.0 = Release|x64
		{E5EBBA41-B843-437B-BE7E-805CA672D883}.Release|x86.ActiveCfg = Release|Win32
		{E5EBBA41-B843-437B-BE7E-805CA672D883}.Release|x86.Build.0 = Release|Win32
	EndGlobalSection
	GlobalSection(SolutionProperties) = preSolution
		HideSolutionNode = FALSE
	EndGlobalSection
	GlobalSection(ExtensibilityGlobals) = postSolution
		SolutionGuid = {211DEB27-6C5F-4BA8-B6A1-B71B29762EE4}
	EndGlobalSection
EndGlobal
